
Microsoft Visual Studio Solution File, Format Version 12.00
# Visual Studio Version 16
VisualStudioVersion = 16.0.32126.315
MinimumVisualStudioVersion = 10.0.40219.1
Project("{FAE04EC0-301F-11D3-BF4B-00C04F79EFBC}") = "SimpleDelegate", "SimpleDelegate\SimpleDelegate.csproj", "{E20ACD3E-11C0-4BB5-ACCF-40A2AFF02BF8}"
EndProject
Project("{FAE04EC0-301F-11D3-BF4B-00C04F79EFBC}") = "CarDelegate", "CarDelegate\CarDelegate.csproj", "{8616D767-6E0F-4BD3-9BFC-4B22F8D1A591}"
EndProject
Project("{FAE04EC0-301F-11D3-BF4B-00C04F79EFBC}") = "ActionAndFuncDelegates", "ActionAndFuncDelegates\ActionAndFuncDelegates.csproj", "{47AC7DF6-0581-4205-84AB-0DCEE36F332C}"
EndProject
Project("{FAE04EC0-301F-11D3-BF4B-00C04F79EFBC}") = "CarEvents", "CarEvents\CarEvents.csproj", "{6001E469-9268-436E-A16A-D5B47AA04CCD}"
EndProject
Global
	GlobalSection(SolutionConfigurationPlatforms) = preSolution
		Debug|Any CPU = Debug|Any CPU
		Release|Any CPU = Release|Any CPU
	EndGlobalSection
	GlobalSection(ProjectConfigurationPlatforms) = postSolution
		{E20ACD3E-11C0-4BB5-ACCF-40A2AFF02BF8}.Debug|Any CPU.ActiveCfg = Debug|Any CPU
		{E20ACD3E-11C0-4BB5-ACCF-40A2AFF02BF8}.Debug|Any CPU.Build.0 = Debug|Any CPU
		{E20ACD3E-11C0-4BB5-ACCF-40A2AFF02BF8}.Release|Any CPU.ActiveCfg = Release|Any CPU
		{E20ACD3E-11C0-4BB5-ACCF-40A2AFF02BF8}.Release|Any CPU.Build.0 = Release|Any CPU
		{8616D767-6E0F-4BD3-9BFC-4B22F8D1A591}.Debug|Any CPU.ActiveCfg = Debug|Any CPU
		{8616D767-6E0F-4BD3-9BFC-4B22F8D1A591}.Debug|Any CPU.Build.0 = Debug|Any CPU
		{8616D767-6E0F-4BD3-9BFC-4B22F8D1A591}.Release|Any CPU.ActiveCfg = Release|Any CPU
		{8616D767-6E0F-4BD3-9BFC-4B22F8D1A591}.Release|Any CPU.Build.0 = Release|Any CPU
		{47AC7DF6-0581-4205-84AB-0DCEE36F332C}.Debug|Any CPU.ActiveCfg = Debug|Any CPU
		{47AC7DF6-0581-4205-84AB-0DCEE36F332C}.Debug|Any CPU.Build.0 = Debug|Any CPU
		{47AC7DF6-0581-4205-84AB-0DCEE36F332C}.Release|Any CPU.ActiveCfg = Release|Any CPU
		{47AC7DF6-0581-4205-84AB-0DCEE36F332C}.Release|Any CPU.Build.0 = Release|Any CPU
		{6001E469-9268-436E-A16A-D5B47AA04CCD}.Debug|Any CPU.ActiveCfg = Debug|Any CPU
		{6001E469-9268-436E-A16A-D5B47AA04CCD}.Debug|Any CPU.Build.0 = Debug|Any CPU
		{6001E469-9268-436E-A16A-D5B47AA04CCD}.Release|Any CPU.ActiveCfg = Release|Any CPU
		{6001E469-9268-436E-A16A-D5B47AA04CCD}.Release|Any CPU.Build.0 = Release|Any CPU
	EndGlobalSection
	GlobalSection(SolutionProperties) = preSolution
		HideSolutionNode = FALSE
	EndGlobalSection
	GlobalSection(ExtensibilityGlobals) = postSolution
		SolutionGuid = {D5269902-DE73-432B-878A-E893588E1EF1}
	EndGlobalSection
EndGlobal
